
Microsoft Visual Studio Solution File, Format Version 12.00
# Visual Studio Version 16
VisualStudioVersion = 16.0.31729.503
MinimumVisualStudioVersion = 10.0.40219.1
Project("{FAE04EC0-301F-11D3-BF4B-00C04F79EFBC}") = "Reader", "Reader\Reader.csproj", "{605BA750-9155-48AD-9F53-6AC714DA2D61}"
EndProject
Project("{FAE04EC0-301F-11D3-BF4B-00C04F79EFBC}") = "Author", "Author\Author.csproj", "{B203883D-05B8-4102-9BD2-640287BD6FFE}"
EndProject
Project("{9A19103F-16F7-4668-BE54-9A1E7A4F7556}") = "Common", "Common\Common.csproj", "{8BFF857F-B77A-4C9B-88CE-27A607B10B1F}"
EndProject
Project("{9A19103F-16F7-4668-BE54-9A1E7A4F7556}") = "Gateway", "Gateway\Gateway.csproj", "{8FD85E02-CEDE-45BC-BFDA-3E708EDB3FC6}"
EndProject
Project("{9A19103F-16F7-4668-BE54-9A1E7A4F7556}") = "Shared.Model", "Shared.Model\Shared.Model.csproj", "{4312BAEF-CBA6-4161-A5FF-E6B0522CC5E8}"
EndProject
Project("{FAE04EC0-301F-11D3-BF4B-00C04F79EFBC}") = "BookOrder", "BookOrder\BookOrder.csproj", "{3A2C6977-C45C-45BA-8960-5AEA5088EA6C}"
EndProject
Global
	GlobalSection(SolutionConfigurationPlatforms) = preSolution
		Debug|Any CPU = Debug|Any CPU
		Release|Any CPU = Release|Any CPU
	EndGlobalSection
	GlobalSection(ProjectConfigurationPlatforms) = postSolution
		{605BA750-9155-48AD-9F53-6AC714DA2D61}.Debug|Any CPU.ActiveCfg = Debug|Any CPU
		{605BA750-9155-48AD-9F53-6AC714DA2D61}.Debug|Any CPU.Build.0 = Debug|Any CPU
		{605BA750-9155-48AD-9F53-6AC714DA2D61}.Release|Any CPU.ActiveCfg = Release|Any CPU
		{605BA750-9155-48AD-9F53-6AC714DA2D61}.Release|Any CPU.Build.0 = Release|Any CPU
		{B203883D-05B8-4102-9BD2-640287BD6FFE}.Debug|Any CPU.ActiveCfg = Debug|Any CPU
		{B203883D-05B8-4102-9BD2-640287BD6FFE}.Debug|Any CPU.Build.0 = Debug|Any CPU
		{B203883D-05B8-4102-9BD2-640287BD6FFE}.Release|Any CPU.ActiveCfg = Release|Any CPU
		{B203883D-05B8-4102-9BD2-640287BD6FFE}.Release|Any CPU.Build.0 = Release|Any CPU
		{8BFF857F-B77A-4C9B-88CE-27A607B10B1F}.Debug|Any CPU.ActiveCfg = Debug|Any CPU
		{8BFF857F-B77A-4C9B-88CE-27A607B10B1F}.Debug|Any CPU.Build.0 = Debug|Any CPU
		{8BFF857F-B77A-4C9B-88CE-27A607B10B1F}.Release|Any CPU.ActiveCfg = Release|Any CPU
		{8BFF857F-B77A-4C9B-88CE-27A607B10B1F}.Release|Any CPU.Build.0 = Release|Any CPU
		{8FD85E02-CEDE-45BC-BFDA-3E708EDB3FC6}.Debug|Any CPU.ActiveCfg = Debug|Any CPU
		{8FD85E02-CEDE-45BC-BFDA-3E708EDB3FC6}.Debug|Any CPU.Build.0 = Debug|Any CPU
		{8FD85E02-CEDE-45BC-BFDA-3E708EDB3FC6}.Release|Any CPU.ActiveCfg = Release|Any CPU
		{8FD85E02-CEDE-45BC-BFDA-3E708EDB3FC6}.Release|Any CPU.Build.0 = Release|Any CPU
		{4312BAEF-CBA6-4161-A5FF-E6B0522CC5E8}.Debug|Any CPU.ActiveCfg = Debug|Any CPU
		{4312BAEF-CBA6-4161-A5FF-E6B0522CC5E8}.Debug|Any CPU.Build.0 = Debug|Any CPU
		{4312BAEF-CBA6-4161-A5FF-E6B0522CC5E8}.Release|Any CPU.ActiveCfg = Release|Any CPU
		{4312BAEF-CBA6-4161-A5FF-E6B0522CC5E8}.Release|Any CPU.Build.0 = Release|Any CPU
		{3A2C6977-C45C-45BA-8960-5AEA5088EA6C}.Debug|Any CPU.ActiveCfg = Debug|Any CPU
		{3A2C6977-C45C-45BA-8960-5AEA5088EA6C}.Debug|Any CPU.Build.0 = Debug|Any CPU
		{3A2C6977-C45C-45BA-8960-5AEA5088EA6C}.Release|Any CPU.ActiveCfg = Release|Any CPU
		{3A2C6977-C45C-45BA-8960-5AEA5088EA6C}.Release|Any CPU.Build.0 = Release|Any CPU
	EndGlobalSection
	GlobalSection(SolutionProperties) = preSolution
		HideSolutionNode = FALSE
	EndGlobalSection
	GlobalSection(ExtensibilityGlobals) = postSolution
		SolutionGuid = {10FAC08E-BB40-4CAF-9C47-EA735A81557A}
	EndGlobalSection
EndGlobal
