
Microsoft Visual Studio Solution File, Format Version 12.00
# Visual Studio Version 16
VisualStudioVersion = 16.0.31729.503
MinimumVisualStudioVersion = 10.0.40219.1
Project("{FAE04EC0-301F-11D3-BF4B-00C04F79EFBC}") = "Producer", "Producer\Producer.csproj", "{3CB5BA8A-A1CA-4C22-B05A-54D192C77075}"
EndProject
Project("{FAE04EC0-301F-11D3-BF4B-00C04F79EFBC}") = "Consumer", "Consumer\Consumer.csproj", "{9C4EB374-FB1A-4477-A60D-119D492A8582}"
EndProject
Global
	GlobalSection(SolutionConfigurationPlatforms) = preSolution
		Debug|Any CPU = Debug|Any CPU
		Release|Any CPU = Release|Any CPU
	EndGlobalSection
	GlobalSection(ProjectConfigurationPlatforms) = postSolution
		{3CB5BA8A-A1CA-4C22-B05A-54D192C77075}.Debug|Any CPU.ActiveCfg = Debug|Any CPU
		{3CB5BA8A-A1CA-4C22-B05A-54D192C77075}.Debug|Any CPU.Build.0 = Debug|Any CPU
		{3CB5BA8A-A1CA-4C22-B05A-54D192C77075}.Release|Any CPU.ActiveCfg = Release|Any CPU
		{3CB5BA8A-A1CA-4C22-B05A-54D192C77075}.Release|Any CPU.Build.0 = Release|Any CPU
		{9C4EB374-FB1A-4477-A60D-119D492A8582}.Debug|Any CPU.ActiveCfg = Debug|Any CPU
		{9C4EB374-FB1A-4477-A60D-119D492A8582}.Debug|Any CPU.Build.0 = Debug|Any CPU
		{9C4EB374-FB1A-4477-A60D-119D492A8582}.Release|Any CPU.ActiveCfg = Release|Any CPU
		{9C4EB374-FB1A-4477-A60D-119D492A8582}.Release|Any CPU.Build.0 = Release|Any CPU
	EndGlobalSection
	GlobalSection(SolutionProperties) = preSolution
		HideSolutionNode = FALSE
	EndGlobalSection
	GlobalSection(ExtensibilityGlobals) = postSolution
		SolutionGuid = {62B32E86-0A4A-45ED-ABDC-98AF0216405D}
	EndGlobalSection
EndGlobal
