
Microsoft Visual Studio Solution File, Format Version 12.00
# Visual Studio Version 16
VisualStudioVersion = 16.0.31729.503
MinimumVisualStudioVersion = 10.0.40219.1
Project("{9A19103F-16F7-4668-BE54-9A1E7A4F7556}") = "CustomerApp", "CustomerApp\CustomerApp.csproj", "{3BA0EC94-169F-4BAA-9CD3-A61F1BF60E7F}"
EndProject
Project("{9A19103F-16F7-4668-BE54-9A1E7A4F7556}") = "SupplierApp", "SupplierApp\SupplierApp.csproj", "{B3206051-DEFE-4B8B-8CB0-8C352A43157D}"
EndProject
Project("{9A19103F-16F7-4668-BE54-9A1E7A4F7556}") = "Common", "Common\Common.csproj", "{65FF8AF3-E5BA-426E-A4F4-7752B021E638}"
EndProject
Project("{9A19103F-16F7-4668-BE54-9A1E7A4F7556}") = "Gateway", "Gateway\Gateway.csproj", "{260969C0-E30A-4E89-9B79-7832DF448A48}"
EndProject
Project("{9A19103F-16F7-4668-BE54-9A1E7A4F7556}") = "Shared.Model", "Shared.Model\Shared.Model.csproj", "{09B2ECAD-ED63-4A8D-9003-8679AE758985}"
EndProject
Project("{9A19103F-16F7-4668-BE54-9A1E7A4F7556}") = "IdentityServer", "IdentityServer\IdentityServer.csproj", "{7FAF7BB6-8C5E-4A36-B680-D8DAEBAD98A1}"
EndProject
Global
	GlobalSection(SolutionConfigurationPlatforms) = preSolution
		Debug|Any CPU = Debug|Any CPU
		Release|Any CPU = Release|Any CPU
	EndGlobalSection
	GlobalSection(ProjectConfigurationPlatforms) = postSolution
		{3BA0EC94-169F-4BAA-9CD3-A61F1BF60E7F}.Debug|Any CPU.ActiveCfg = Debug|Any CPU
		{3BA0EC94-169F-4BAA-9CD3-A61F1BF60E7F}.Debug|Any CPU.Build.0 = Debug|Any CPU
		{3BA0EC94-169F-4BAA-9CD3-A61F1BF60E7F}.Release|Any CPU.ActiveCfg = Release|Any CPU
		{3BA0EC94-169F-4BAA-9CD3-A61F1BF60E7F}.Release|Any CPU.Build.0 = Release|Any CPU
		{B3206051-DEFE-4B8B-8CB0-8C352A43157D}.Debug|Any CPU.ActiveCfg = Debug|Any CPU
		{B3206051-DEFE-4B8B-8CB0-8C352A43157D}.Debug|Any CPU.Build.0 = Debug|Any CPU
		{B3206051-DEFE-4B8B-8CB0-8C352A43157D}.Release|Any CPU.ActiveCfg = Release|Any CPU
		{B3206051-DEFE-4B8B-8CB0-8C352A43157D}.Release|Any CPU.Build.0 = Release|Any CPU
		{65FF8AF3-E5BA-426E-A4F4-7752B021E638}.Debug|Any CPU.ActiveCfg = Debug|Any CPU
		{65FF8AF3-E5BA-426E-A4F4-7752B021E638}.Debug|Any CPU.Build.0 = Debug|Any CPU
		{65FF8AF3-E5BA-426E-A4F4-7752B021E638}.Release|Any CPU.ActiveCfg = Release|Any CPU
		{65FF8AF3-E5BA-426E-A4F4-7752B021E638}.Release|Any CPU.Build.0 = Release|Any CPU
		{260969C0-E30A-4E89-9B79-7832DF448A48}.Debug|Any CPU.ActiveCfg = Debug|Any CPU
		{260969C0-E30A-4E89-9B79-7832DF448A48}.Debug|Any CPU.Build.0 = Debug|Any CPU
		{260969C0-E30A-4E89-9B79-7832DF448A48}.Release|Any CPU.ActiveCfg = Release|Any CPU
		{260969C0-E30A-4E89-9B79-7832DF448A48}.Release|Any CPU.Build.0 = Release|Any CPU
		{09B2ECAD-ED63-4A8D-9003-8679AE758985}.Debug|Any CPU.ActiveCfg = Debug|Any CPU
		{09B2ECAD-ED63-4A8D-9003-8679AE758985}.Debug|Any CPU.Build.0 = Debug|Any CPU
		{09B2ECAD-ED63-4A8D-9003-8679AE758985}.Release|Any CPU.ActiveCfg = Release|Any CPU
		{09B2ECAD-ED63-4A8D-9003-8679AE758985}.Release|Any CPU.Build.0 = Release|Any CPU
		{7FAF7BB6-8C5E-4A36-B680-D8DAEBAD98A1}.Debug|Any CPU.ActiveCfg = Debug|Any CPU
		{7FAF7BB6-8C5E-4A36-B680-D8DAEBAD98A1}.Debug|Any CPU.Build.0 = Debug|Any CPU
		{7FAF7BB6-8C5E-4A36-B680-D8DAEBAD98A1}.Release|Any CPU.ActiveCfg = Release|Any CPU
		{7FAF7BB6-8C5E-4A36-B680-D8DAEBAD98A1}.Release|Any CPU.Build.0 = Release|Any CPU
	EndGlobalSection
	GlobalSection(SolutionProperties) = preSolution
		HideSolutionNode = FALSE
	EndGlobalSection
	GlobalSection(ExtensibilityGlobals) = postSolution
		SolutionGuid = {1299CB61-A728-432F-A028-7AFAAD94076C}
	EndGlobalSection
EndGlobal
