
Microsoft Visual Studio Solution File, Format Version 12.00
# Visual Studio Version 16
VisualStudioVersion = 16.0.31729.503
MinimumVisualStudioVersion = 10.0.40219.1
Project("{9A19103F-16F7-4668-BE54-9A1E7A4F7556}") = "Common", "Common\Common.csproj", "{65FF8AF3-E5BA-426E-A4F4-7752B021E638}"
EndProject
Project("{9A19103F-16F7-4668-BE54-9A1E7A4F7556}") = "Gateway", "Gateway\Gateway.csproj", "{260969C0-E30A-4E89-9B79-7832DF448A48}"
EndProject
Project("{9A19103F-16F7-4668-BE54-9A1E7A4F7556}") = "Shared.Model", "Shared.Model\Shared.Model.csproj", "{09B2ECAD-ED63-4A8D-9003-8679AE758985}"
EndProject
Project("{9A19103F-16F7-4668-BE54-9A1E7A4F7556}") = "CustomerUsers", "CustomerUsers\CustomerUsers.csproj", "{FCAC4AD3-328A-4D17-92D3-6EF35006C33B}"
EndProject
Project("{FAE04EC0-301F-11D3-BF4B-00C04F79EFBC}") = "CustomerServices", "CustomerServices\CustomerServices.csproj", "{AE51AE7C-6893-433A-9C78-FC2D08B9B572}"
EndProject
Global
	GlobalSection(SolutionConfigurationPlatforms) = preSolution
		Debug|Any CPU = Debug|Any CPU
		Release|Any CPU = Release|Any CPU
	EndGlobalSection
	GlobalSection(ProjectConfigurationPlatforms) = postSolution
		{65FF8AF3-E5BA-426E-A4F4-7752B021E638}.Debug|Any CPU.ActiveCfg = Debug|Any CPU
		{65FF8AF3-E5BA-426E-A4F4-7752B021E638}.Debug|Any CPU.Build.0 = Debug|Any CPU
		{65FF8AF3-E5BA-426E-A4F4-7752B021E638}.Release|Any CPU.ActiveCfg = Release|Any CPU
		{65FF8AF3-E5BA-426E-A4F4-7752B021E638}.Release|Any CPU.Build.0 = Release|Any CPU
		{260969C0-E30A-4E89-9B79-7832DF448A48}.Debug|Any CPU.ActiveCfg = Debug|Any CPU
		{260969C0-E30A-4E89-9B79-7832DF448A48}.Debug|Any CPU.Build.0 = Debug|Any CPU
		{260969C0-E30A-4E89-9B79-7832DF448A48}.Release|Any CPU.ActiveCfg = Release|Any CPU
		{260969C0-E30A-4E89-9B79-7832DF448A48}.Release|Any CPU.Build.0 = Release|Any CPU
		{09B2ECAD-ED63-4A8D-9003-8679AE758985}.Debug|Any CPU.ActiveCfg = Debug|Any CPU
		{09B2ECAD-ED63-4A8D-9003-8679AE758985}.Debug|Any CPU.Build.0 = Debug|Any CPU
		{09B2ECAD-ED63-4A8D-9003-8679AE758985}.Release|Any CPU.ActiveCfg = Release|Any CPU
		{09B2ECAD-ED63-4A8D-9003-8679AE758985}.Release|Any CPU.Build.0 = Release|Any CPU
		{FCAC4AD3-328A-4D17-92D3-6EF35006C33B}.Debug|Any CPU.ActiveCfg = Debug|Any CPU
		{FCAC4AD3-328A-4D17-92D3-6EF35006C33B}.Debug|Any CPU.Build.0 = Debug|Any CPU
		{FCAC4AD3-328A-4D17-92D3-6EF35006C33B}.Release|Any CPU.ActiveCfg = Release|Any CPU
		{FCAC4AD3-328A-4D17-92D3-6EF35006C33B}.Release|Any CPU.Build.0 = Release|Any CPU
		{AE51AE7C-6893-433A-9C78-FC2D08B9B572}.Debug|Any CPU.ActiveCfg = Debug|Any CPU
		{AE51AE7C-6893-433A-9C78-FC2D08B9B572}.Debug|Any CPU.Build.0 = Debug|Any CPU
		{AE51AE7C-6893-433A-9C78-FC2D08B9B572}.Release|Any CPU.ActiveCfg = Release|Any CPU
		{AE51AE7C-6893-433A-9C78-FC2D08B9B572}.Release|Any CPU.Build.0 = Release|Any CPU
	EndGlobalSection
	GlobalSection(SolutionProperties) = preSolution
		HideSolutionNode = FALSE
	EndGlobalSection
	GlobalSection(ExtensibilityGlobals) = postSolution
		SolutionGuid = {1299CB61-A728-432F-A028-7AFAAD94076C}
	EndGlobalSection
EndGlobal
